// !$*UTF8*$!
{
	archiveVersion = 1;
	classes = {
	};
	objectVersion = 46;
	objects = {

/* Begin PBXBuildFile section */
		D92F863A1A02BE6600D11437 /* AppDelegate.swift in Sources */ = {isa = PBXBuildFile; fileRef = D92F86391A02BE6600D11437 /* AppDelegate.swift */; };
		D92F863C1A02BE6600D11437 /* ViewController.swift in Sources */ = {isa = PBXBuildFile; fileRef = D92F863B1A02BE6600D11437 /* ViewController.swift */; };
		D92F863F1A02BE6600D11437 /* Main.storyboard in Resources */ = {isa = PBXBuildFile; fileRef = D92F863D1A02BE6600D11437 /* Main.storyboard */; };
		D92F86411A02BE6600D11437 /* Images.xcassets in Resources */ = {isa = PBXBuildFile; fileRef = D92F86401A02BE6600D11437 /* Images.xcassets */; };
		D92F86441A02BE6600D11437 /* LaunchScreen.xib in Resources */ = {isa = PBXBuildFile; fileRef = D92F86421A02BE6600D11437 /* LaunchScreen.xib */; };
		D92F86501A02BE6600D11437 /* CalculatorTests.swift in Sources */ = {isa = PBXBuildFile; fileRef = D92F864F1A02BE6600D11437 /* CalculatorTests.swift */; };
/* End PBXBuildFile section */

/* Begin PBXContainerItemProxy section */
		D92F864A1A02BE6600D11437 /* PBXContainerItemProxy */ = {
			isa = PBXContainerItemProxy;
			containerPortal = D92F862C1A02BE6600D11437 /* Project object */;
			proxyType = 1;
			remoteGlobalIDString = D92F86331A02BE6600D11437;
			remoteInfo = Calculator;
		};
/* End PBXContainerItemProxy section */

/* Begin PBXFileReference section */
		D92F86341A02BE6600D11437 /* Calculator.app */ = {isa = PBXFileReference; explicitFileType = wrapper.application; includeInIndex = 0; path = Calculator.app; sourceTree = BUILT_PRODUCTS_DIR; };
		D92F86381A02BE6600D11437 /* Info.plist */ = {isa = PBXFileReference; lastKnownFileType = text.plist.xml; path = Info.plist; sourceTree = "<group>"; };
		D92F86391A02BE6600D11437 /* AppDelegate.swift */ = {isa = PBXFileReference; lastKnownFileType = sourcecode.swift; path = AppDelegate.swift; sourceTree = "<group>"; };
		D92F863B1A02BE6600D11437 /* ViewController.swift */ = {isa = PBXFileReference; lastKnownFileType = sourcecode.swift; path = ViewController.swift; sourceTree = "<group>"; };
		D92F863E1A02BE6600D11437 /* Base */ = {isa = PBXFileReference; lastKnownFileType = file.storyboard; name = Base; path = Base.lproj/Main.storyboard; sourceTree = "<group>"; };
		D92F86401A02BE6600D11437 /* Images.xcassets */ = {isa = PBXFileReference; lastKnownFileType = folder.assetcatalog; path = Images.xcassets; sourceTree = "<group>"; };
		D92F86431A02BE6600D11437 /* Base */ = {isa = PBXFileReference; lastKnownFileType = file.xib; name = Base; path = Base.lproj/LaunchScreen.xib; sourceTree = "<group>"; };
		D92F86491A02BE6600D11437 /* CalculatorTests.xctest */ = {isa = PBXFileReference; explicitFileType = wrapper.cfbundle; includeInIndex = 0; path = CalculatorTests.xctest; sourceTree = BUILT_PRODUCTS_DIR; };
		D92F864E1A02BE6600D11437 /* Info.plist */ = {isa = PBXFileReference; lastKnownFileType = text.plist.xml; path = Info.plist; sourceTree = "<group>"; };
		D92F864F1A02BE6600D11437 /* CalculatorTests.swift */ = {isa = PBXFileReference; lastKnownFileType = sourcecode.swift; path = CalculatorTests.swift; sourceTree = "<group>"; };
/* End PBXFileReference section */

/* Begin PBXFrameworksBuildPhase section */
		D92F86311A02BE6600D11437 /* Frameworks */ = {
			isa = PBXFrameworksBuildPhase;
			buildActionMask = 2147483647;
			files = (
			);
			runOnlyForDeploymentPostprocessing = 0;
		};
		D92F86461A02BE6600D11437 /* Frameworks */ = {
			isa = PBXFrameworksBuildPhase;
			buildActionMask = 2147483647;
			files = (
			);
			runOnlyForDeploymentPostprocessing = 0;
		};
/* End PBXFrameworksBuildPhase section */

/* Begin PBXGroup section */
		D92F862B1A02BE6600D11437 = {
			isa = PBXGroup;
			children = (
				D92F86361A02BE6600D11437 /* Calculator */,
				D92F864C1A02BE6600D11437 /* CalculatorTests */,
				D92F86351A02BE6600D11437 /* Products */,
			);
			sourceTree = "<group>";
		};
		D92F86351A02BE6600D11437 /* Products */ = {
			isa = PBXGroup;
			children = (
				D92F86341A02BE6600D11437 /* Calculator.app */,
				D92F86491A02BE6600D11437 /* CalculatorTests.xctest */,
			);
			name = Products;
			sourceTree = "<group>";
		};
		D92F86361A02BE6600D11437 /* Calculator */ = {
			isa = PBXGroup;
			children = (
				D92F86391A02BE6600D11437 /* AppDelegate.swift */,
				D92F863B1A02BE6600D11437 /* ViewController.swift */,
				D92F863D1A02BE6600D11437 /* Main.storyboard */,
				D92F86401A02BE6600D11437 /* Images.xcassets */,
				D92F86421A02BE6600D11437 /* LaunchScreen.xib */,
				D92F86371A02BE6600D11437 /* Supporting Files */,
			);
			path = Calculator;
			sourceTree = "<group>";
		};
		D92F86371A02BE6600D11437 /* Supporting Files */ = {
			isa = PBXGroup;
			children = (
				D92F86381A02BE6600D11437 /* Info.plist */,
			);
			name = "Supporting Files";
			sourceTree = "<group>";
		};
		D92F864C1A02BE6600D11437 /* CalculatorTests */ = {
			isa = PBXGroup;
			children = (
				D92F864F1A02BE6600D11437 /* CalculatorTests.swift */,
				D92F864D1A02BE6600D11437 /* Supporting Files */,
			);
			path = CalculatorTests;
			sourceTree = "<group>";
		};
		D92F864D1A02BE6600D11437 /* Supporting Files */ = {
			isa = PBXGroup;
			children = (
				D92F864E1A02BE6600D11437 /* Info.plist */,
			);
			name = "Supporting Files";
			sourceTree = "<group>";
		};
/* End PBXGroup section */

/* Begin PBXNativeTarget section */
		D92F86331A02BE6600D11437 /* Calculator */ = {
			isa = PBXNativeTarget;
			buildConfigurationList = D92F86531A02BE6600D11437 /* Build configuration list for PBXNativeTarget "Calculator" */;
			buildPhases = (
				D92F86301A02BE6600D11437 /* Sources */,
				D92F86311A02BE6600D11437 /* Frameworks */,
				D92F86321A02BE6600D11437 /* Resources */,
			);
			buildRules = (
			);
			dependencies = (
			);
			name = Calculator;
			productName = Calculator;
			productReference = D92F86341A02BE6600D11437 /* Calculator.app */;
			productType = "com.apple.product-type.application";
		};
		D92F86481A02BE6600D11437 /* CalculatorTests */ = {
			isa = PBXNativeTarget;
			buildConfigurationList = D92F86561A02BE6600D11437 /* Build configuration list for PBXNativeTarget "CalculatorTests" */;
			buildPhases = (
				D92F86451A02BE6600D11437 /* Sources */,
				D92F86461A02BE6600D11437 /* Frameworks */,
				D92F86471A02BE6600D11437 /* Resources */,
			);
			buildRules = (
			);
			dependencies = (
				D92F864B1A02BE6600D11437 /* PBXTargetDependency */,
			);
			name = CalculatorTests;
			productName = CalculatorTests;
			productReference = D92F86491A02BE6600D11437 /* CalculatorTests.xctest */;
			productType = "com.apple.product-type.bundle.unit-test";
		};
/* End PBXNativeTarget section */

/* Begin PBXProject section */
		D92F862C1A02BE6600D11437 /* Project object */ = {
			isa = PBXProject;
			attributes = {
				LastUpgradeCheck = 0610;
				ORGANIZATIONNAME = "Enrico Abiti";
				TargetAttributes = {
					D92F86331A02BE6600D11437 = {
						CreatedOnToolsVersion = 6.1;
					};
					D92F86481A02BE6600D11437 = {
						CreatedOnToolsVersion = 6.1;
						TestTargetID = D92F86331A02BE6600D11437;
					};
				};
			};
			buildConfigurationList = D92F862F1A02BE6600D11437 /* Build configuration list for PBXProject "Calculator" */;
			compatibilityVersion = "Xcode 3.2";
			developmentRegion = English;
			hasScannedForEncodings = 0;
			knownRegions = (
				en,
				Base,
			);
			mainGroup = D92F862B1A02BE6600D11437;
			productRefGroup = D92F86351A02BE6600D11437 /* Products */;
			projectDirPath = "";
			projectRoot = "";
			targets = (
				D92F86331A02BE6600D11437 /* Calculator */,
				D92F86481A02BE6600D11437 /* CalculatorTests */,
			);
		};
/* End PBXProject section */

/* Begin PBXResourcesBuildPhase section */
		D92F86321A02BE6600D11437 /* Resources */ = {
			isa = PBXResourcesBuildPhase;
			buildActionMask = 2147483647;
			files = (
				D92F863F1A02BE6600D11437 /* Main.storyboard in Resources */,
				D92F86441A02BE6600D11437 /* LaunchScreen.xib in Resources */,
				D92F86411A02BE6600D11437 /* Images.xcassets in Resources */,
			);
			runOnlyForDeploymentPostprocessing = 0;
		};
		D92F86471A02BE6600D11437 /* Resources */ = {
			isa = PBXResourcesBuildPhase;
			buildActionMask = 2147483647;
			files = (
			);
			runOnlyForDeploymentPostprocessing = 0;
		};
/* End PBXResourcesBuildPhase section */

/* Begin PBXSourcesBuildPhase section */
		D92F86301A02BE6600D11437 /* Sources */ = {
			isa = PBXSourcesBuildPhase;
			buildActionMask = 2147483647;
			files = (
				D92F863C1A02BE6600D11437 /* ViewController.swift in Sources */,
				D92F863A1A02BE6600D11437 /* AppDelegate.swift in Sources */,
			);
			runOnlyForDeploymentPostprocessing = 0;
		};
		D92F86451A02BE6600D11437 /* Sources */ = {
			isa = PBXSourcesBuildPhase;
			buildActionMask = 2147483647;
			files = (
				D92F86501A02BE6600D11437 /* CalculatorTests.swift in Sources */,
			);
			runOnlyForDeploymentPostprocessing = 0;
		};
/* End PBXSourcesBuildPhase section */

/* Begin PBXTargetDependency section */
		D92F864B1A02BE6600D11437 /* PBXTargetDependency */ = {
			isa = PBXTargetDependency;
			target = D92F86331A02BE6600D11437 /* Calculator */;
			targetProxy = D92F864A1A02BE6600D11437 /* PBXContainerItemProxy */;
		};
/* End PBXTargetDependency section */

/* Begin PBXVariantGroup section */
		D92F863D1A02BE6600D11437 /* Main.storyboard */ = {
			isa = PBXVariantGroup;
			children = (
				D92F863E1A02BE6600D11437 /* Base */,
			);
			name = Main.storyboard;
			sourceTree = "<group>";
		};
		D92F86421A02BE6600D11437 /* LaunchScreen.xib */ = {
			isa = PBXVariantGroup;
			children = (
				D92F86431A02BE6600D11437 /* Base */,
			);
			name = LaunchScreen.xib;
			sourceTree = "<group>";
		};
/* End PBXVariantGroup section */

/* Begin XCBuildConfiguration section */
		D92F86511A02BE6600D11437 /* Debug */ = {
			isa = XCBuildConfiguration;
			buildSettings = {
				ALWAYS_SEARCH_USER_PATHS = NO;
				CLANG_CXX_LANGUAGE_STANDARD = "gnu++0x";
				CLANG_CXX_LIBRARY = "libc++";
				CLANG_ENABLE_MODULES = YES;
				CLANG_ENABLE_OBJC_ARC = YES;
				CLANG_WARN_BOOL_CONVERSION = YES;
				CLANG_WARN_CONSTANT_CONVERSION = YES;
				CLANG_WARN_DIRECT_OBJC_ISA_USAGE = YES_ERROR;
				CLANG_WARN_EMPTY_BODY = YES;
				CLANG_WARN_ENUM_CONVERSION = YES;
				CLANG_WARN_INT_CONVERSION = YES;
				CLANG_WARN_OBJC_ROOT_CLASS = YES_ERROR;
				CLANG_WARN_UNREACHABLE_CODE = YES;
				CLANG_WARN__DUPLICATE_METHOD_MATCH = YES;
				"CODE_SIGN_IDENTITY[sdk=iphoneos*]" = "iPhone Developer";
				COPY_PHASE_STRIP = NO;
				ENABLE_STRICT_OBJC_MSGSEND = YES;
				GCC_C_LANGUAGE_STANDARD = gnu99;
				GCC_DYNAMIC_NO_PIC = NO;
				GCC_OPTIMIZATION_LEVEL = 0;
				GCC_PREPROCESSOR_DEFINITIONS = (
					"DEBUG=1",
					"$(inherited)",
				);
				GCC_SYMBOLS_PRIVATE_EXTERN = NO;
				GCC_WARN_64_TO_32_BIT_CONVERSION = YES;
				GCC_WARN_ABOUT_RETURN_TYPE = YES_ERROR;
				GCC_WARN_UNDECLARED_SELECTOR = YES;
				GCC_WARN_UNINITIALIZED_AUTOS = YES_AGGRESSIVE;
				GCC_WARN_UNUSED_FUNCTION = YES;
				GCC_WARN_UNUSED_VARIABLE = YES;
				IPHONEOS_DEPLOYMENT_TARGET = 8.1;
				MTL_ENABLE_DEBUG_INFO = YES;
				ONLY_ACTIVE_ARCH = YES;
				SDKROOT = iphoneos;
				SWIFT_OPTIMIZATION_LEVEL = "-Onone";
			};
			name = Debug;
		};
		D92F86521A02BE6600D11437 /* Release */ = {
			isa = XCBuildConfiguration;
			buildSettings = {
				ALWAYS_SEARCH_USER_PATHS = NO;
				CLANG_CXX_LANGUAGE_STANDARD = "gnu++0x";
				CLANG_CXX_LIBRARY = "libc++";
				CLANG_ENABLE_MODULES = YES;
				CLANG_ENABLE_OBJC_ARC = YES;
				CLANG_WARN_BOOL_CONVERSION = YES;
				CLANG_WARN_CONSTANT_CONVERSION = YES;
				CLANG_WARN_DIRECT_OBJC_ISA_USAGE = YES_ERROR;
				CLANG_WARN_EMPTY_BODY = YES;
				CLANG_WARN_ENUM_CONVERSION = YES;
				CLANG_WARN_INT_CONVERSION = YES;
				CLANG_WARN_OBJC_ROOT_CLASS = YES_ERROR;
				CLANG_WARN_UNREACHABLE_CODE = YES;
				CLANG_WARN__DUPLICATE_METHOD_MATCH = YES;
				"CODE_SIGN_IDENTITY[sdk=iphoneos*]" = "iPhone Developer";
				COPY_PHASE_STRIP = YES;
				ENABLE_NS_ASSERTIONS = NO;
				ENABLE_STRICT_OBJC_MSGSEND = YES;
				GCC_C_LANGUAGE_STANDARD = gnu99;
				GCC_WARN_64_TO_32_BIT_CONVERSION = YES;
				GCC_WARN_ABOUT_RETURN_TYPE = YES_ERROR;
				GCC_WARN_UNDECLARED_SELECTOR = YES;
				GCC_WARN_UNINITIALIZED_AUTOS = YES_AGGRESSIVE;
				GCC_WARN_UNUSED_FUNCTION = YES;
				GCC_WARN_UNUSED_VARIABLE = YES;
				IPHONEOS_DEPLOYMENT_TARGET = 8.1;
				MTL_ENABLE_DEBUG_INFO = NO;
				SDKROOT = iphoneos;
				VALIDATE_PRODUCT = YES;
			};
			name = Release;
		};
		D92F86541A02BE6600D11437 /* Debug */ = {
			isa = XCBuildConfiguration;
			buildSettings = {
				ASSETCATALOG_COMPILER_APPICON_NAME = AppIcon;
				INFOPLIST_FILE = Calculator/Info.plist;
				LD_RUNPATH_SEARCH_PATHS = "$(inherited) @executable_path/Frameworks";
				PRODUCT_NAME = "$(TARGET_NAME)";
			};
			name = Debug;
		};
		D92F86551A02BE6600D11437 /* Release */ = {
			isa = XCBuildConfiguration;
			buildSettings = {
				ASSETCATALOG_COMPILER_APPICON_NAME = AppIcon;
				INFOPLIST_FILE = Calculator/Info.plist;
				LD_RUNPATH_SEARCH_PATHS = "$(inherited) @executable_path/Frameworks";
				PRODUCT_NAME = "$(TARGET_NAME)";
			};
			name = Release;
		};
		D92F86571A02BE6600D11437 /* Debug */ = {
			isa = XCBuildConfiguration;
			buildSettings = {
				BUNDLE_LOADER = "$(TEST_HOST)";
				FRAMEWORK_SEARCH_PATHS = (
					"$(SDKROOT)/Developer/Library/Frameworks",
					"$(inherited)",
				);
				GCC_PREPROCESSOR_DEFINITIONS = (
					"DEBUG=1",
					"$(inherited)",
				);
				INFOPLIST_FILE = CalculatorTests/Info.plist;
				LD_RUNPATH_SEARCH_PATHS = "$(inherited) @executable_path/Frameworks @loader_path/Frameworks";
				PRODUCT_NAME = "$(TARGET_NAME)";
				TEST_HOST = "$(BUILT_PRODUCTS_DIR)/Calculator.app/Calculator";
			};
			name = Debug;
		};
		D92F86581A02BE6600D11437 /* Release */ = {
			isa = XCBuildConfiguration;
			buildSettings = {
				BUNDLE_LOADER = "$(TEST_HOST)";
				FRAMEWORK_SEARCH_PATHS = (
					"$(SDKROOT)/Developer/Library/Frameworks",
					"$(inherited)",
				);
				INFOPLIST_FILE = CalculatorTests/Info.plist;
				LD_RUNPATH_SEARCH_PATHS = "$(inherited) @executable_path/Frameworks @loader_path/Frameworks";
				PRODUCT_NAME = "$(TARGET_NAME)";
				TEST_HOST = "$(BUILT_PRODUCTS_DIR)/Calculator.app/Calculator";
			};
			name = Release;
		};
/* End XCBuildConfiguration section */

/* Begin XCConfigurationList section */
		D92F862F1A02BE6600D11437 /* Build configuration list for PBXProject "Calculator" */ = {
			isa = XCConfigurationList;
			buildConfigurations = (
				D92F86511A02BE6600D11437 /* Debug */,
				D92F86521A02BE6600D11437 /* Release */,
			);
			defaultConfigurationIsVisible = 0;
			defaultConfigurationName = Release;
		};
		D92F86531A02BE6600D11437 /* Build configuration list for PBXNativeTarget "Calculator" */ = {
			isa = XCConfigurationList;
			buildConfigurations = (
				D92F86541A02BE6600D11437 /* Debug */,
				D92F86551A02BE6600D11437 /* Release */,
			);
			defaultConfigurationIsVisible = 0;
		};
		D92F86561A02BE6600D11437 /* Build configuration list for PBXNativeTarget "CalculatorTests" */ = {
			isa = XCConfigurationList;
			buildConfigurations = (
				D92F86571A02BE6600D11437 /* Debug */,
				D92F86581A02BE6600D11437 /* Release */,
			);
			defaultConfigurationIsVisible = 0;
		};
/* End XCConfigurationList section */
	};
	rootObject = D92F862C1A02BE6600D11437 /* Project object */;
}
